// !$*UTF8*$!
{
	archiveVersion = 1;
	classes = {
	};
	objectVersion = 50;
	objects = {

/* Begin PBXBuildFile section */
		1D2136B721A9DE2C006EA696 /* AppDelegate.swift in Sources */ = {isa = PBXBuildFile; fileRef = 1D2136B621A9DE2C006EA696 /* AppDelegate.swift */; };
		1D2136B921A9DE2C006EA696 /* ViewController.swift in Sources */ = {isa = PBXBuildFile; fileRef = 1D2136B821A9DE2C006EA696 /* ViewController.swift */; };
		1D2136BC21A9DE2C006EA696 /* Main.storyboard in Resources */ = {isa = PBXBuildFile; fileRef = 1D2136BA21A9DE2C006EA696 /* Main.storyboard */; };
		1D2136BE21A9DE2D006EA696 /* Assets.xcassets in Resources */ = {isa = PBXBuildFile; fileRef = 1D2136BD21A9DE2D006EA696 /* Assets.xcassets */; };
		1D2136C121A9DE2D006EA696 /* LaunchScreen.storyboard in Resources */ = {isa = PBXBuildFile; fileRef = 1D2136BF21A9DE2D006EA696 /* LaunchScreen.storyboard */; };
		1D2136CC21A9DE2E006EA696 /* TMDb_TestTests.swift in Sources */ = {isa = PBXBuildFile; fileRef = 1D2136CB21A9DE2E006EA696 /* TMDb_TestTests.swift */; };
		1D2136D721A9DE2E006EA696 /* TMDb_TestUITests.swift in Sources */ = {isa = PBXBuildFile; fileRef = 1D2136D621A9DE2E006EA696 /* TMDb_TestUITests.swift */; };
		1D2136EA21A9FC07006EA696 /* API.swift in Sources */ = {isa = PBXBuildFile; fileRef = 1D2136E921A9FC07006EA696 /* API.swift */; };
		1DF5814B21AAD46C004C96F5 /* Configuration.swift in Sources */ = {isa = PBXBuildFile; fileRef = 1DF5814A21AAD46C004C96F5 /* Configuration.swift */; };
		1DF5814D21AAEB01004C96F5 /* TopRatedMovie.swift in Sources */ = {isa = PBXBuildFile; fileRef = 1DF5814C21AAEB01004C96F5 /* TopRatedMovie.swift */; };
		1DF5814F21AAF20B004C96F5 /* TopRatedList.swift in Sources */ = {isa = PBXBuildFile; fileRef = 1DF5814E21AAF20B004C96F5 /* TopRatedList.swift */; };
		1DF5815521ABF97C004C96F5 /* MovieDetailViewController.swift in Sources */ = {isa = PBXBuildFile; fileRef = 1DF5815421ABF97C004C96F5 /* MovieDetailViewController.swift */; };
		1DF5815821ABFA72004C96F5 /* TopRatedMovieCell.swift in Sources */ = {isa = PBXBuildFile; fileRef = 1DF5815721ABFA72004C96F5 /* TopRatedMovieCell.swift */; };
		1DF5815A21AC48E1004C96F5 /* Genres.swift in Sources */ = {isa = PBXBuildFile; fileRef = 1DF5815921AC48E1004C96F5 /* Genres.swift */; };
		1DF5815C21ACAB6D004C96F5 /* TopRatedViewController.swift in Sources */ = {isa = PBXBuildFile; fileRef = 1DF5815B21ACAB6D004C96F5 /* TopRatedViewController.swift */; };
		1DF5815E21AD6526004C96F5 /* LoadingCell.swift in Sources */ = {isa = PBXBuildFile; fileRef = 1DF5815D21AD6526004C96F5 /* LoadingCell.swift */; };
		1DF5816121AD806F004C96F5 /* MovieObject.swift in Sources */ = {isa = PBXBuildFile; fileRef = 1DF5816021AD806F004C96F5 /* MovieObject.swift */; };
		1DF5816321AD8C89004C96F5 /* FavouritesViewController.swift in Sources */ = {isa = PBXBuildFile; fileRef = 1DF5816221AD8C89004C96F5 /* FavouritesViewController.swift */; };
		2479E3DCD530067301E947AB /* Pods_TMDb_TestTests.framework in Frameworks */ = {isa = PBXBuildFile; fileRef = A0E71FA5C4032473F188E914 /* Pods_TMDb_TestTests.framework */; };
		42B50B605BBEFA2B6ABE1DA7 /* Pods_TMDb_TestUITests.framework in Frameworks */ = {isa = PBXBuildFile; fileRef = D9472A7C94F29794F8452C0D /* Pods_TMDb_TestUITests.framework */; };
		E4B73A26929DD53C5F08DDB0 /* Pods_TMDb_Test.framework in Frameworks */ = {isa = PBXBuildFile; fileRef = D7AEC087FC03A6019E8C147C /* Pods_TMDb_Test.framework */; };
/* End PBXBuildFile section */

/* Begin PBXContainerItemProxy section */
		1D2136C821A9DE2E006EA696 /* PBXContainerItemProxy */ = {
			isa = PBXContainerItemProxy;
			containerPortal = 1D2136AB21A9DE2C006EA696 /* Project object */;
			proxyType = 1;
			remoteGlobalIDString = 1D2136B221A9DE2C006EA696;
			remoteInfo = "TMDb-Test";
		};
		1D2136D321A9DE2E006EA696 /* PBXContainerItemProxy */ = {
			isa = PBXContainerItemProxy;
			containerPortal = 1D2136AB21A9DE2C006EA696 /* Project object */;
			proxyType = 1;
			remoteGlobalIDString = 1D2136B221A9DE2C006EA696;
			remoteInfo = "TMDb-Test";
		};
/* End PBXContainerItemProxy section */

/* Begin PBXFileReference section */
		04013FCBB36D9B59141E3423 /* Pods-TMDb-TestTests.debug.xcconfig */ = {isa = PBXFileReference; includeInIndex = 1; lastKnownFileType = text.xcconfig; name = "Pods-TMDb-TestTests.debug.xcconfig"; path = "Pods/Target Support Files/Pods-TMDb-TestTests/Pods-TMDb-TestTests.debug.xcconfig"; sourceTree = "<group>"; };
		109E1E464B25A75AE02F6748 /* Pods-TMDb-TestUITests.debug.xcconfig */ = {isa = PBXFileReference; includeInIndex = 1; lastKnownFileType = text.xcconfig; name = "Pods-TMDb-TestUITests.debug.xcconfig"; path = "Pods/Target Support Files/Pods-TMDb-TestUITests/Pods-TMDb-TestUITests.debug.xcconfig"; sourceTree = "<group>"; };
		1351F7A86BC4E5F62F7084A0 /* Pods-TMDb-Test.release.xcconfig */ = {isa = PBXFileReference; includeInIndex = 1; lastKnownFileType = text.xcconfig; name = "Pods-TMDb-Test.release.xcconfig"; path = "Pods/Target Support Files/Pods-TMDb-Test/Pods-TMDb-Test.release.xcconfig"; sourceTree = "<group>"; };
		1D2136B321A9DE2C006EA696 /* TMDb-Test.app */ = {isa = PBXFileReference; explicitFileType = wrapper.application; includeInIndex = 0; path = "TMDb-Test.app"; sourceTree = BUILT_PRODUCTS_DIR; };
		1D2136B621A9DE2C006EA696 /* AppDelegate.swift */ = {isa = PBXFileReference; lastKnownFileType = sourcecode.swift; path = AppDelegate.swift; sourceTree = "<group>"; };
		1D2136B821A9DE2C006EA696 /* ViewController.swift */ = {isa = PBXFileReference; lastKnownFileType = sourcecode.swift; path = ViewController.swift; sourceTree = "<group>"; };
		1D2136BB21A9DE2C006EA696 /* Base */ = {isa = PBXFileReference; lastKnownFileType = file.storyboard; name = Base; path = Base.lproj/Main.storyboard; sourceTree = "<group>"; };
		1D2136BD21A9DE2D006EA696 /* Assets.xcassets */ = {isa = PBXFileReference; lastKnownFileType = folder.assetcatalog; path = Assets.xcassets; sourceTree = "<group>"; };
		1D2136C021A9DE2D006EA696 /* Base */ = {isa = PBXFileReference; lastKnownFileType = file.storyboard; name = Base; path = Base.lproj/LaunchScreen.storyboard; sourceTree = "<group>"; };
		1D2136C221A9DE2D006EA696 /* Info.plist */ = {isa = PBXFileReference; lastKnownFileType = text.plist.xml; path = Info.plist; sourceTree = "<group>"; };
		1D2136C721A9DE2E006EA696 /* TMDb-TestTests.xctest */ = {isa = PBXFileReference; explicitFileType = wrapper.cfbundle; includeInIndex = 0; path = "TMDb-TestTests.xctest"; sourceTree = BUILT_PRODUCTS_DIR; };
		1D2136CB21A9DE2E006EA696 /* TMDb_TestTests.swift */ = {isa = PBXFileReference; lastKnownFileType = sourcecode.swift; path = TMDb_TestTests.swift; sourceTree = "<group>"; };
		1D2136CD21A9DE2E006EA696 /* Info.plist */ = {isa = PBXFileReference; lastKnownFileType = text.plist.xml; path = Info.plist; sourceTree = "<group>"; };
		1D2136D221A9DE2E006EA696 /* TMDb-TestUITests.xctest */ = {isa = PBXFileReference; explicitFileType = wrapper.cfbundle; includeInIndex = 0; path = "TMDb-TestUITests.xctest"; sourceTree = BUILT_PRODUCTS_DIR; };
		1D2136D621A9DE2E006EA696 /* TMDb_TestUITests.swift */ = {isa = PBXFileReference; lastKnownFileType = sourcecode.swift; path = TMDb_TestUITests.swift; sourceTree = "<group>"; };
		1D2136D821A9DE2E006EA696 /* Info.plist */ = {isa = PBXFileReference; lastKnownFileType = text.plist.xml; path = Info.plist; sourceTree = "<group>"; };
		1D2136E921A9FC07006EA696 /* API.swift */ = {isa = PBXFileReference; lastKnownFileType = sourcecode.swift; path = API.swift; sourceTree = "<group>"; };
		1DF5814A21AAD46C004C96F5 /* Configuration.swift */ = {isa = PBXFileReference; lastKnownFileType = sourcecode.swift; path = Configuration.swift; sourceTree = "<group>"; };
		1DF5814C21AAEB01004C96F5 /* TopRatedMovie.swift */ = {isa = PBXFileReference; lastKnownFileType = sourcecode.swift; path = TopRatedMovie.swift; sourceTree = "<group>"; };
		1DF5814E21AAF20B004C96F5 /* TopRatedList.swift */ = {isa = PBXFileReference; lastKnownFileType = sourcecode.swift; path = TopRatedList.swift; sourceTree = "<group>"; };
		1DF5815421ABF97C004C96F5 /* MovieDetailViewController.swift */ = {isa = PBXFileReference; lastKnownFileType = sourcecode.swift; path = MovieDetailViewController.swift; sourceTree = "<group>"; };
		1DF5815721ABFA72004C96F5 /* TopRatedMovieCell.swift */ = {isa = PBXFileReference; lastKnownFileType = sourcecode.swift; path = TopRatedMovieCell.swift; sourceTree = "<group>"; };
		1DF5815921AC48E1004C96F5 /* Genres.swift */ = {isa = PBXFileReference; lastKnownFileType = sourcecode.swift; path = Genres.swift; sourceTree = "<group>"; };
		1DF5815B21ACAB6D004C96F5 /* TopRatedViewController.swift */ = {isa = PBXFileReference; lastKnownFileType = sourcecode.swift; path = TopRatedViewController.swift; sourceTree = "<group>"; };
		1DF5815D21AD6526004C96F5 /* LoadingCell.swift */ = {isa = PBXFileReference; lastKnownFileType = sourcecode.swift; path = LoadingCell.swift; sourceTree = "<group>"; };
		1DF5816021AD806F004C96F5 /* MovieObject.swift */ = {isa = PBXFileReference; lastKnownFileType = sourcecode.swift; path = MovieObject.swift; sourceTree = "<group>"; };
		1DF5816221AD8C89004C96F5 /* FavouritesViewController.swift */ = {isa = PBXFileReference; lastKnownFileType = sourcecode.swift; path = FavouritesViewController.swift; sourceTree = "<group>"; };
		5684B8A2C33B0BCEB4DDDCB5 /* Pods-TMDb-TestUITests.release.xcconfig */ = {isa = PBXFileReference; includeInIndex = 1; lastKnownFileType = text.xcconfig; name = "Pods-TMDb-TestUITests.release.xcconfig"; path = "Pods/Target Support Files/Pods-TMDb-TestUITests/Pods-TMDb-TestUITests.release.xcconfig"; sourceTree = "<group>"; };
		A0E71FA5C4032473F188E914 /* Pods_TMDb_TestTests.framework */ = {isa = PBXFileReference; explicitFileType = wrapper.framework; includeInIndex = 0; path = Pods_TMDb_TestTests.framework; sourceTree = BUILT_PRODUCTS_DIR; };
		CA5CD28FC6D1F21A1EDFEE91 /* Pods-TMDb-TestTests.release.xcconfig */ = {isa = PBXFileReference; includeInIndex = 1; lastKnownFileType = text.xcconfig; name = "Pods-TMDb-TestTests.release.xcconfig"; path = "Pods/Target Support Files/Pods-TMDb-TestTests/Pods-TMDb-TestTests.release.xcconfig"; sourceTree = "<group>"; };
		D7AEC087FC03A6019E8C147C /* Pods_TMDb_Test.framework */ = {isa = PBXFileReference; explicitFileType = wrapper.framework; includeInIndex = 0; path = Pods_TMDb_Test.framework; sourceTree = BUILT_PRODUCTS_DIR; };
		D9472A7C94F29794F8452C0D /* Pods_TMDb_TestUITests.framework */ = {isa = PBXFileReference; explicitFileType = wrapper.framework; includeInIndex = 0; path = Pods_TMDb_TestUITests.framework; sourceTree = BUILT_PRODUCTS_DIR; };
		E0E1D0AA0D044D3FC6BC65C5 /* Pods-TMDb-Test.debug.xcconfig */ = {isa = PBXFileReference; includeInIndex = 1; lastKnownFileType = text.xcconfig; name = "Pods-TMDb-Test.debug.xcconfig"; path = "Pods/Target Support Files/Pods-TMDb-Test/Pods-TMDb-Test.debug.xcconfig"; sourceTree = "<group>"; };
/* End PBXFileReference section */

/* Begin PBXFrameworksBuildPhase section */
		1D2136B021A9DE2C006EA696 /* Frameworks */ = {
			isa = PBXFrameworksBuildPhase;
			buildActionMask = 2147483647;
			files = (
				E4B73A26929DD53C5F08DDB0 /* Pods_TMDb_Test.framework in Frameworks */,
			);
			runOnlyForDeploymentPostprocessing = 0;
		};
		1D2136C421A9DE2E006EA696 /* Frameworks */ = {
			isa = PBXFrameworksBuildPhase;
			buildActionMask = 2147483647;
			files = (
				2479E3DCD530067301E947AB /* Pods_TMDb_TestTests.framework in Frameworks */,
			);
			runOnlyForDeploymentPostprocessing = 0;
		};
		1D2136CF21A9DE2E006EA696 /* Frameworks */ = {
			isa = PBXFrameworksBuildPhase;
			buildActionMask = 2147483647;
			files = (
				42B50B605BBEFA2B6ABE1DA7 /* Pods_TMDb_TestUITests.framework in Frameworks */,
			);
			runOnlyForDeploymentPostprocessing = 0;
		};
/* End PBXFrameworksBuildPhase section */

/* Begin PBXGroup section */
		1D2136AA21A9DE2C006EA696 = {
			isa = PBXGroup;
			children = (
				1D2136B521A9DE2C006EA696 /* TMDb-Test */,
				1D2136CA21A9DE2E006EA696 /* TMDb-TestTests */,
				1D2136D521A9DE2E006EA696 /* TMDb-TestUITests */,
				1D2136B421A9DE2C006EA696 /* Products */,
				FC316079AD1987AE2CB758AC /* Pods */,
				28D281B12BFD21D8BC79DB2F /* Frameworks */,
			);
			sourceTree = "<group>";
		};
		1D2136B421A9DE2C006EA696 /* Products */ = {
			isa = PBXGroup;
			children = (
				1D2136B321A9DE2C006EA696 /* TMDb-Test.app */,
				1D2136C721A9DE2E006EA696 /* TMDb-TestTests.xctest */,
				1D2136D221A9DE2E006EA696 /* TMDb-TestUITests.xctest */,
			);
			name = Products;
			sourceTree = "<group>";
		};
		1D2136B521A9DE2C006EA696 /* TMDb-Test */ = {
			isa = PBXGroup;
			children = (
				1D2136E821A9FBF5006EA696 /* Model */,
				1D2136E521A9DE71006EA696 /* Controller */,
				1DF5815621ABFA54004C96F5 /* View */,
				1D2136E421A9DE59006EA696 /* Supporting files */,
				1D2136C221A9DE2D006EA696 /* Info.plist */,
			);
			path = "TMDb-Test";
			sourceTree = "<group>";
		};
		1D2136CA21A9DE2E006EA696 /* TMDb-TestTests */ = {
			isa = PBXGroup;
			children = (
				1D2136CB21A9DE2E006EA696 /* TMDb_TestTests.swift */,
				1D2136CD21A9DE2E006EA696 /* Info.plist */,
			);
			path = "TMDb-TestTests";
			sourceTree = "<group>";
		};
		1D2136D521A9DE2E006EA696 /* TMDb-TestUITests */ = {
			isa = PBXGroup;
			children = (
				1D2136D621A9DE2E006EA696 /* TMDb_TestUITests.swift */,
				1D2136D821A9DE2E006EA696 /* Info.plist */,
			);
			path = "TMDb-TestUITests";
			sourceTree = "<group>";
		};
		1D2136E421A9DE59006EA696 /* Supporting files */ = {
			isa = PBXGroup;
			children = (
				1D2136B621A9DE2C006EA696 /* AppDelegate.swift */,
				1D2136BD21A9DE2D006EA696 /* Assets.xcassets */,
				1D2136BA21A9DE2C006EA696 /* Main.storyboard */,
				1D2136BF21A9DE2D006EA696 /* LaunchScreen.storyboard */,
			);
			path = "Supporting files";
			sourceTree = "<group>";
		};
		1D2136E521A9DE71006EA696 /* Controller */ = {
			isa = PBXGroup;
			children = (
				1D2136B821A9DE2C006EA696 /* ViewController.swift */,
				1DF5815B21ACAB6D004C96F5 /* TopRatedViewController.swift */,
				1DF5815421ABF97C004C96F5 /* MovieDetailViewController.swift */,
				1DF5816221AD8C89004C96F5 /* FavouritesViewController.swift */,
			);
			path = Controller;
			sourceTree = "<group>";
		};
		1D2136E821A9FBF5006EA696 /* Model */ = {
			isa = PBXGroup;
			children = (
				1DF5815F21AD805F004C96F5 /* Realm */,
				1DF5814921AAD45E004C96F5 /* TMDb */,
				1D2136E921A9FC07006EA696 /* API.swift */,
			);
			path = Model;
			sourceTree = "<group>";
		};
		1DF5814921AAD45E004C96F5 /* TMDb */ = {
			isa = PBXGroup;
			children = (
				1DF5814A21AAD46C004C96F5 /* Configuration.swift */,
				1DF5814C21AAEB01004C96F5 /* TopRatedMovie.swift */,
				1DF5814E21AAF20B004C96F5 /* TopRatedList.swift */,
				1DF5815921AC48E1004C96F5 /* Genres.swift */,
			);
			path = TMDb;
			sourceTree = "<group>";
		};
		1DF5815621ABFA54004C96F5 /* View */ = {
			isa = PBXGroup;
			children = (
				1DF5815721ABFA72004C96F5 /* TopRatedMovieCell.swift */,
				1DF5815D21AD6526004C96F5 /* LoadingCell.swift */,
			);
			path = View;
			sourceTree = "<group>";
		};
		1DF5815F21AD805F004C96F5 /* Realm */ = {
			isa = PBXGroup;
			children = (
				1DF5816021AD806F004C96F5 /* MovieObject.swift */,
			);
			path = Realm;
			sourceTree = "<group>";
		};
		28D281B12BFD21D8BC79DB2F /* Frameworks */ = {
			isa = PBXGroup;
			children = (
				D7AEC087FC03A6019E8C147C /* Pods_TMDb_Test.framework */,
				A0E71FA5C4032473F188E914 /* Pods_TMDb_TestTests.framework */,
				D9472A7C94F29794F8452C0D /* Pods_TMDb_TestUITests.framework */,
			);
			name = Frameworks;
			sourceTree = "<group>";
		};
		FC316079AD1987AE2CB758AC /* Pods */ = {
			isa = PBXGroup;
			children = (
				E0E1D0AA0D044D3FC6BC65C5 /* Pods-TMDb-Test.debug.xcconfig */,
				1351F7A86BC4E5F62F7084A0 /* Pods-TMDb-Test.release.xcconfig */,
				04013FCBB36D9B59141E3423 /* Pods-TMDb-TestTests.debug.xcconfig */,
				CA5CD28FC6D1F21A1EDFEE91 /* Pods-TMDb-TestTests.release.xcconfig */,
				109E1E464B25A75AE02F6748 /* Pods-TMDb-TestUITests.debug.xcconfig */,
				5684B8A2C33B0BCEB4DDDCB5 /* Pods-TMDb-TestUITests.release.xcconfig */,
			);
			name = Pods;
			sourceTree = "<group>";
		};
/* End PBXGroup section */

/* Begin PBXNativeTarget section */
		1D2136B221A9DE2C006EA696 /* TMDb-Test */ = {
			isa = PBXNativeTarget;
			buildConfigurationList = 1D2136DB21A9DE2E006EA696 /* Build configuration list for PBXNativeTarget "TMDb-Test" */;
			buildPhases = (
				1BE2F72DDA87F1B332B2A679 /* [CP] Check Pods Manifest.lock */,
				1D2136AF21A9DE2C006EA696 /* Sources */,
				1D2136B021A9DE2C006EA696 /* Frameworks */,
				1D2136B121A9DE2C006EA696 /* Resources */,
				0EC7298FA899FA1AC59F45F4 /* [CP] Embed Pods Frameworks */,
			);
			buildRules = (
			);
			dependencies = (
			);
			name = "TMDb-Test";
			productName = "TMDb-Test";
			productReference = 1D2136B321A9DE2C006EA696 /* TMDb-Test.app */;
			productType = "com.apple.product-type.application";
		};
		1D2136C621A9DE2E006EA696 /* TMDb-TestTests */ = {
			isa = PBXNativeTarget;
			buildConfigurationList = 1D2136DE21A9DE2E006EA696 /* Build configuration list for PBXNativeTarget "TMDb-TestTests" */;
			buildPhases = (
				BE60DE0FC929FFE794E32682 /* [CP] Check Pods Manifest.lock */,
				1D2136C321A9DE2E006EA696 /* Sources */,
				1D2136C421A9DE2E006EA696 /* Frameworks */,
				1D2136C521A9DE2E006EA696 /* Resources */,
			);
			buildRules = (
			);
			dependencies = (
				1D2136C921A9DE2E006EA696 /* PBXTargetDependency */,
			);
			name = "TMDb-TestTests";
			productName = "TMDb-TestTests";
			productReference = 1D2136C721A9DE2E006EA696 /* TMDb-TestTests.xctest */;
			productType = "com.apple.product-type.bundle.unit-test";
		};
		1D2136D121A9DE2E006EA696 /* TMDb-TestUITests */ = {
			isa = PBXNativeTarget;
			buildConfigurationList = 1D2136E121A9DE2E006EA696 /* Build configuration list for PBXNativeTarget "TMDb-TestUITests" */;
			buildPhases = (
				6D486D87DDE8BC77C318E4C8 /* [CP] Check Pods Manifest.lock */,
				1D2136CE21A9DE2E006EA696 /* Sources */,
				1D2136CF21A9DE2E006EA696 /* Frameworks */,
				1D2136D021A9DE2E006EA696 /* Resources */,
			);
			buildRules = (
			);
			dependencies = (
				1D2136D421A9DE2E006EA696 /* PBXTargetDependency */,
			);
			name = "TMDb-TestUITests";
			productName = "TMDb-TestUITests";
			productReference = 1D2136D221A9DE2E006EA696 /* TMDb-TestUITests.xctest */;
			productType = "com.apple.product-type.bundle.ui-testing";
		};
/* End PBXNativeTarget section */

/* Begin PBXProject section */
		1D2136AB21A9DE2C006EA696 /* Project object */ = {
			isa = PBXProject;
			attributes = {
				LastSwiftUpdateCheck = 1010;
				LastUpgradeCheck = 1010;
				ORGANIZATIONNAME = "Konstantin Mishukov";
				TargetAttributes = {
					1D2136B221A9DE2C006EA696 = {
						CreatedOnToolsVersion = 10.1;
					};
					1D2136C621A9DE2E006EA696 = {
						CreatedOnToolsVersion = 10.1;
						TestTargetID = 1D2136B221A9DE2C006EA696;
					};
					1D2136D121A9DE2E006EA696 = {
						CreatedOnToolsVersion = 10.1;
						TestTargetID = 1D2136B221A9DE2C006EA696;
					};
				};
			};
			buildConfigurationList = 1D2136AE21A9DE2C006EA696 /* Build configuration list for PBXProject "TMDb-Test" */;
			compatibilityVersion = "Xcode 9.3";
			developmentRegion = en;
			hasScannedForEncodings = 0;
			knownRegions = (
				en,
				Base,
			);
			mainGroup = 1D2136AA21A9DE2C006EA696;
			productRefGroup = 1D2136B421A9DE2C006EA696 /* Products */;
			projectDirPath = "";
			projectRoot = "";
			targets = (
				1D2136B221A9DE2C006EA696 /* TMDb-Test */,
				1D2136C621A9DE2E006EA696 /* TMDb-TestTests */,
				1D2136D121A9DE2E006EA696 /* TMDb-TestUITests */,
			);
		};
/* End PBXProject section */

/* Begin PBXResourcesBuildPhase section */
		1D2136B121A9DE2C006EA696 /* Resources */ = {
			isa = PBXResourcesBuildPhase;
			buildActionMask = 2147483647;
			files = (
				1D2136C121A9DE2D006EA696 /* LaunchScreen.storyboard in Resources */,
				1D2136BE21A9DE2D006EA696 /* Assets.xcassets in Resources */,
				1D2136BC21A9DE2C006EA696 /* Main.storyboard in Resources */,
			);
			runOnlyForDeploymentPostprocessing = 0;
		};
		1D2136C521A9DE2E006EA696 /* Resources */ = {
			isa = PBXResourcesBuildPhase;
			buildActionMask = 2147483647;
			files = (
			);
			runOnlyForDeploymentPostprocessing = 0;
		};
		1D2136D021A9DE2E006EA696 /* Resources */ = {
			isa = PBXResourcesBuildPhase;
			buildActionMask = 2147483647;
			files = (
			);
			runOnlyForDeploymentPostprocessing = 0;
		};
/* End PBXResourcesBuildPhase section */

/* Begin PBXShellScriptBuildPhase section */
		0EC7298FA899FA1AC59F45F4 /* [CP] Embed Pods Frameworks */ = {
			isa = PBXShellScriptBuildPhase;
			buildActionMask = 2147483647;
			files = (
			);
			inputPaths = (
				"${SRCROOT}/Pods/Target Support Files/Pods-TMDb-Test/Pods-TMDb-Test-frameworks.sh",
				"${BUILT_PRODUCTS_DIR}/FaveButton/FaveButton.framework",
				"${BUILT_PRODUCTS_DIR}/NVActivityIndicatorView/NVActivityIndicatorView.framework",
				"${BUILT_PRODUCTS_DIR}/Realm/Realm.framework",
				"${BUILT_PRODUCTS_DIR}/RealmSwift/RealmSwift.framework",
				"${BUILT_PRODUCTS_DIR}/SwiftyJSON/SwiftyJSON.framework",
			);
			name = "[CP] Embed Pods Frameworks";
			outputPaths = (
				"${TARGET_BUILD_DIR}/${FRAMEWORKS_FOLDER_PATH}/FaveButton.framework",
				"${TARGET_BUILD_DIR}/${FRAMEWORKS_FOLDER_PATH}/NVActivityIndicatorView.framework",
				"${TARGET_BUILD_DIR}/${FRAMEWORKS_FOLDER_PATH}/Realm.framework",
				"${TARGET_BUILD_DIR}/${FRAMEWORKS_FOLDER_PATH}/RealmSwift.framework",
				"${TARGET_BUILD_DIR}/${FRAMEWORKS_FOLDER_PATH}/SwiftyJSON.framework",
			);
			runOnlyForDeploymentPostprocessing = 0;
			shellPath = /bin/sh;
			shellScript = "\"${SRCROOT}/Pods/Target Support Files/Pods-TMDb-Test/Pods-TMDb-Test-frameworks.sh\"\n";
			showEnvVarsInLog = 0;
		};
		1BE2F72DDA87F1B332B2A679 /* [CP] Check Pods Manifest.lock */ = {
			isa = PBXShellScriptBuildPhase;
			buildActionMask = 2147483647;
			files = (
			);
			inputPaths = (
				"${PODS_PODFILE_DIR_PATH}/Podfile.lock",
				"${PODS_ROOT}/Manifest.lock",
			);
			name = "[CP] Check Pods Manifest.lock";
			outputPaths = (
				"$(DERIVED_FILE_DIR)/Pods-TMDb-Test-checkManifestLockResult.txt",
			);
			runOnlyForDeploymentPostprocessing = 0;
			shellPath = /bin/sh;
			shellScript = "diff \"${PODS_PODFILE_DIR_PATH}/Podfile.lock\" \"${PODS_ROOT}/Manifest.lock\" > /dev/null\nif [ $? != 0 ] ; then\n    # print error to STDERR\n    echo \"error: The sandbox is not in sync with the Podfile.lock. Run 'pod install' or update your CocoaPods installation.\" >&2\n    exit 1\nfi\n# This output is used by Xcode 'outputs' to avoid re-running this script phase.\necho \"SUCCESS\" > \"${SCRIPT_OUTPUT_FILE_0}\"\n";
			showEnvVarsInLog = 0;
		};
		6D486D87DDE8BC77C318E4C8 /* [CP] Check Pods Manifest.lock */ = {
			isa = PBXShellScriptBuildPhase;
			buildActionMask = 2147483647;
			files = (
			);
			inputPaths = (
				"${PODS_PODFILE_DIR_PATH}/Podfile.lock",
				"${PODS_ROOT}/Manifest.lock",
			);
			name = "[CP] Check Pods Manifest.lock";
			outputPaths = (
				"$(DERIVED_FILE_DIR)/Pods-TMDb-TestUITests-checkManifestLockResult.txt",
			);
			runOnlyForDeploymentPostprocessing = 0;
			shellPath = /bin/sh;
			shellScript = "diff \"${PODS_PODFILE_DIR_PATH}/Podfile.lock\" \"${PODS_ROOT}/Manifest.lock\" > /dev/null\nif [ $? != 0 ] ; then\n    # print error to STDERR\n    echo \"error: The sandbox is not in sync with the Podfile.lock. Run 'pod install' or update your CocoaPods installation.\" >&2\n    exit 1\nfi\n# This output is used by Xcode 'outputs' to avoid re-running this script phase.\necho \"SUCCESS\" > \"${SCRIPT_OUTPUT_FILE_0}\"\n";
			showEnvVarsInLog = 0;
		};
		BE60DE0FC929FFE794E32682 /* [CP] Check Pods Manifest.lock */ = {
			isa = PBXShellScriptBuildPhase;
			buildActionMask = 2147483647;
			files = (
			);
			inputPaths = (
				"${PODS_PODFILE_DIR_PATH}/Podfile.lock",
				"${PODS_ROOT}/Manifest.lock",
			);
			name = "[CP] Check Pods Manifest.lock";
			outputPaths = (
				"$(DERIVED_FILE_DIR)/Pods-TMDb-TestTests-checkManifestLockResult.txt",
			);
			runOnlyForDeploymentPostprocessing = 0;
			shellPath = /bin/sh;
			shellScript = "diff \"${PODS_PODFILE_DIR_PATH}/Podfile.lock\" \"${PODS_ROOT}/Manifest.lock\" > /dev/null\nif [ $? != 0 ] ; then\n    # print error to STDERR\n    echo \"error: The sandbox is not in sync with the Podfile.lock. Run 'pod install' or update your CocoaPods installation.\" >&2\n    exit 1\nfi\n# This output is used by Xcode 'outputs' to avoid re-running this script phase.\necho \"SUCCESS\" > \"${SCRIPT_OUTPUT_FILE_0}\"\n";
			showEnvVarsInLog = 0;
		};
/* End PBXShellScriptBuildPhase section */

/* Begin PBXSourcesBuildPhase section */
		1D2136AF21A9DE2C006EA696 /* Sources */ = {
			isa = PBXSourcesBuildPhase;
			buildActionMask = 2147483647;
			files = (
				1D2136B921A9DE2C006EA696 /* ViewController.swift in Sources */,
				1DF5815A21AC48E1004C96F5 /* Genres.swift in Sources */,
				1DF5814B21AAD46C004C96F5 /* Configuration.swift in Sources */,
				1DF5816121AD806F004C96F5 /* MovieObject.swift in Sources */,
				1DF5816321AD8C89004C96F5 /* FavouritesViewController.swift in Sources */,
				1DF5814D21AAEB01004C96F5 /* TopRatedMovie.swift in Sources */,
				1DF5815C21ACAB6D004C96F5 /* TopRatedViewController.swift in Sources */,
				1DF5815E21AD6526004C96F5 /* LoadingCell.swift in Sources */,
				1DF5815521ABF97C004C96F5 /* MovieDetailViewController.swift in Sources */,
				1DF5815821ABFA72004C96F5 /* TopRatedMovieCell.swift in Sources */,
				1D2136EA21A9FC07006EA696 /* API.swift in Sources */,
				1D2136B721A9DE2C006EA696 /* AppDelegate.swift in Sources */,
				1DF5814F21AAF20B004C96F5 /* TopRatedList.swift in Sources */,
			);
			runOnlyForDeploymentPostprocessing = 0;
		};
		1D2136C321A9DE2E006EA696 /* Sources */ = {
			isa = PBXSourcesBuildPhase;
			buildActionMask = 2147483647;
			files = (
				1D2136CC21A9DE2E006EA696 /* TMDb_TestTests.swift in Sources */,
			);
			runOnlyForDeploymentPostprocessing = 0;
		};
		1D2136CE21A9DE2E006EA696 /* Sources */ = {
			isa = PBXSourcesBuildPhase;
			buildActionMask = 2147483647;
			files = (
				1D2136D721A9DE2E006EA696 /* TMDb_TestUITests.swift in Sources */,
			);
			runOnlyForDeploymentPostprocessing = 0;
		};
/* End PBXSourcesBuildPhase section */

/* Begin PBXTargetDependency section */
		1D2136C921A9DE2E006EA696 /* PBXTargetDependency */ = {
			isa = PBXTargetDependency;
			target = 1D2136B221A9DE2C006EA696 /* TMDb-Test */;
			targetProxy = 1D2136C821A9DE2E006EA696 /* PBXContainerItemProxy */;
		};
		1D2136D421A9DE2E006EA696 /* PBXTargetDependency */ = {
			isa = PBXTargetDependency;
			target = 1D2136B221A9DE2C006EA696 /* TMDb-Test */;
			targetProxy = 1D2136D321A9DE2E006EA696 /* PBXContainerItemProxy */;
		};
/* End PBXTargetDependency section */

/* Begin PBXVariantGroup section */
		1D2136BA21A9DE2C006EA696 /* Main.storyboard */ = {
			isa = PBXVariantGroup;
			children = (
				1D2136BB21A9DE2C006EA696 /* Base */,
			);
			name = Main.storyboard;
			sourceTree = "<group>";
		};
		1D2136BF21A9DE2D006EA696 /* LaunchScreen.storyboard */ = {
			isa = PBXVariantGroup;
			children = (
				1D2136C021A9DE2D006EA696 /* Base */,
			);
			name = LaunchScreen.storyboard;
			sourceTree = "<group>";
		};
/* End PBXVariantGroup section */

/* Begin XCBuildConfiguration section */
		1D2136D921A9DE2E006EA696 /* Debug */ = {
			isa = XCBuildConfiguration;
			buildSettings = {
				ALWAYS_SEARCH_USER_PATHS = NO;
				CLANG_ANALYZER_NONNULL = YES;
				CLANG_ANALYZER_NUMBER_OBJECT_CONVERSION = YES_AGGRESSIVE;
				CLANG_CXX_LANGUAGE_STANDARD = "gnu++14";
				CLANG_CXX_LIBRARY = "libc++";
				CLANG_ENABLE_MODULES = YES;
				CLANG_ENABLE_OBJC_ARC = YES;
				CLANG_ENABLE_OBJC_WEAK = YES;
				CLANG_WARN_BLOCK_CAPTURE_AUTORELEASING = YES;
				CLANG_WARN_BOOL_CONVERSION = YES;
				CLANG_WARN_COMMA = YES;
				CLANG_WARN_CONSTANT_CONVERSION = YES;
				CLANG_WARN_DEPRECATED_OBJC_IMPLEMENTATIONS = YES;
				CLANG_WARN_DIRECT_OBJC_ISA_USAGE = YES_ERROR;
				CLANG_WARN_DOCUMENTATION_COMMENTS = YES;
				CLANG_WARN_EMPTY_BODY = YES;
				CLANG_WARN_ENUM_CONVERSION = YES;
				CLANG_WARN_INFINITE_RECURSION = YES;
				CLANG_WARN_INT_CONVERSION = YES;
				CLANG_WARN_NON_LITERAL_NULL_CONVERSION = YES;
				CLANG_WARN_OBJC_IMPLICIT_RETAIN_SELF = YES;
				CLANG_WARN_OBJC_LITERAL_CONVERSION = YES;
				CLANG_WARN_OBJC_ROOT_CLASS = YES_ERROR;
				CLANG_WARN_RANGE_LOOP_ANALYSIS = YES;
				CLANG_WARN_STRICT_PROTOTYPES = YES;
				CLANG_WARN_SUSPICIOUS_MOVE = YES;
				CLANG_WARN_UNGUARDED_AVAILABILITY = YES_AGGRESSIVE;
				CLANG_WARN_UNREACHABLE_CODE = YES;
				CLANG_WARN__DUPLICATE_METHOD_MATCH = YES;
				CODE_SIGN_IDENTITY = "iPhone Developer";
				COPY_PHASE_STRIP = NO;
				DEBUG_INFORMATION_FORMAT = dwarf;
				ENABLE_STRICT_OBJC_MSGSEND = YES;
				ENABLE_TESTABILITY = YES;
				GCC_C_LANGUAGE_STANDARD = gnu11;
				GCC_DYNAMIC_NO_PIC = NO;
				GCC_NO_COMMON_BLOCKS = YES;
				GCC_OPTIMIZATION_LEVEL = 0;
				GCC_PREPROCESSOR_DEFINITIONS = (
					"DEBUG=1",
					"$(inherited)",
				);
				GCC_WARN_64_TO_32_BIT_CONVERSION = YES;
				GCC_WARN_ABOUT_RETURN_TYPE = YES_ERROR;
				GCC_WARN_UNDECLARED_SELECTOR = YES;
				GCC_WARN_UNINITIALIZED_AUTOS = YES_AGGRESSIVE;
				GCC_WARN_UNUSED_FUNCTION = YES;
				GCC_WARN_UNUSED_VARIABLE = YES;
				IPHONEOS_DEPLOYMENT_TARGET = 12.1;
				MTL_ENABLE_DEBUG_INFO = INCLUDE_SOURCE;
				MTL_FAST_MATH = YES;
				ONLY_ACTIVE_ARCH = YES;
				SDKROOT = iphoneos;
				SWIFT_ACTIVE_COMPILATION_CONDITIONS = DEBUG;
				SWIFT_OPTIMIZATION_LEVEL = "-Onone";
			};
			name = Debug;
		};
		1D2136DA21A9DE2E006EA696 /* Release */ = {
			isa = XCBuildConfiguration;
			buildSettings = {
				ALWAYS_SEARCH_USER_PATHS = NO;
				CLANG_ANALYZER_NONNULL = YES;
				CLANG_ANALYZER_NUMBER_OBJECT_CONVERSION = YES_AGGRESSIVE;
				CLANG_CXX_LANGUAGE_STANDARD = "gnu++14";
				CLANG_CXX_LIBRARY = "libc++";
				CLANG_ENABLE_MODULES = YES;
				CLANG_ENABLE_OBJC_ARC = YES;
				CLANG_ENABLE_OBJC_WEAK = YES;
				CLANG_WARN_BLOCK_CAPTURE_AUTORELEASING = YES;
				CLANG_WARN_BOOL_CONVERSION = YES;
				CLANG_WARN_COMMA = YES;
				CLANG_WARN_CONSTANT_CONVERSION = YES;
				CLANG_WARN_DEPRECATED_OBJC_IMPLEMENTATIONS = YES;
				CLANG_WARN_DIRECT_OBJC_ISA_USAGE = YES_ERROR;
				CLANG_WARN_DOCUMENTATION_COMMENTS = YES;
				CLANG_WARN_EMPTY_BODY = YES;
				CLANG_WARN_ENUM_CONVERSION = YES;
				CLANG_WARN_INFINITE_RECURSION = YES;
				CLANG_WARN_INT_CONVERSION = YES;
				CLANG_WARN_NON_LITERAL_NULL_CONVERSION = YES;
				CLANG_WARN_OBJC_IMPLICIT_RETAIN_SELF = YES;
				CLANG_WARN_OBJC_LITERAL_CONVERSION = YES;
				CLANG_WARN_OBJC_ROOT_CLASS = YES_ERROR;
				CLANG_WARN_RANGE_LOOP_ANALYSIS = YES;
				CLANG_WARN_STRICT_PROTOTYPES = YES;
				CLANG_WARN_SUSPICIOUS_MOVE = YES;
				CLANG_WARN_UNGUARDED_AVAILABILITY = YES_AGGRESSIVE;
				CLANG_WARN_UNREACHABLE_CODE = YES;
				CLANG_WARN__DUPLICATE_METHOD_MATCH = YES;
				CODE_SIGN_IDENTITY = "iPhone Developer";
				COPY_PHASE_STRIP = NO;
				DEBUG_INFORMATION_FORMAT = "dwarf-with-dsym";
				ENABLE_NS_ASSERTIONS = NO;
				ENABLE_STRICT_OBJC_MSGSEND = YES;
				GCC_C_LANGUAGE_STANDARD = gnu11;
				GCC_NO_COMMON_BLOCKS = YES;
				GCC_WARN_64_TO_32_BIT_CONVERSION = YES;
				GCC_WARN_ABOUT_RETURN_TYPE = YES_ERROR;
				GCC_WARN_UNDECLARED_SELECTOR = YES;
				GCC_WARN_UNINITIALIZED_AUTOS = YES_AGGRESSIVE;
				GCC_WARN_UNUSED_FUNCTION = YES;
				GCC_WARN_UNUSED_VARIABLE = YES;
				IPHONEOS_DEPLOYMENT_TARGET = 12.1;
				MTL_ENABLE_DEBUG_INFO = NO;
				MTL_FAST_MATH = YES;
				SDKROOT = iphoneos;
				SWIFT_COMPILATION_MODE = wholemodule;
				SWIFT_OPTIMIZATION_LEVEL = "-O";
				VALIDATE_PRODUCT = YES;
			};
			name = Release;
		};
		1D2136DC21A9DE2E006EA696 /* Debug */ = {
			isa = XCBuildConfiguration;
			baseConfigurationReference = E0E1D0AA0D044D3FC6BC65C5 /* Pods-TMDb-Test.debug.xcconfig */;
			buildSettings = {
				ASSETCATALOG_COMPILER_APPICON_NAME = AppIcon;
				CODE_SIGN_STYLE = Automatic;
				DEVELOPMENT_TEAM = 9N9MQ3U2TY;
				INFOPLIST_FILE = "TMDb-Test/Info.plist";
				IPHONEOS_DEPLOYMENT_TARGET = 12.0;
				LD_RUNPATH_SEARCH_PATHS = (
					"$(inherited)",
					"@executable_path/Frameworks",
				);
				PRODUCT_BUNDLE_IDENTIFIER = "mycompany.TMDb-Test";
				PRODUCT_NAME = "$(TARGET_NAME)";
				SWIFT_VERSION = 4.2;
				TARGETED_DEVICE_FAMILY = 1;
			};
			name = Debug;
		};
		1D2136DD21A9DE2E006EA696 /* Release */ = {
			isa = XCBuildConfiguration;
			baseConfigurationReference = 1351F7A86BC4E5F62F7084A0 /* Pods-TMDb-Test.release.xcconfig */;
			buildSettings = {
				ASSETCATALOG_COMPILER_APPICON_NAME = AppIcon;
				CODE_SIGN_STYLE = Automatic;
				DEVELOPMENT_TEAM = 9N9MQ3U2TY;
				INFOPLIST_FILE = "TMDb-Test/Info.plist";
				IPHONEOS_DEPLOYMENT_TARGET = 12.0;
				LD_RUNPATH_SEARCH_PATHS = (
					"$(inherited)",
					"@executable_path/Frameworks",
				);
				PRODUCT_BUNDLE_IDENTIFIER = "mycompany.TMDb-Test";
				PRODUCT_NAME = "$(TARGET_NAME)";
				SWIFT_VERSION = 4.2;
				TARGETED_DEVICE_FAMILY = 1;
			};
			name = Release;
		};
		1D2136DF21A9DE2E006EA696 /* Debug */ = {
			isa = XCBuildConfiguration;
			baseConfigurationReference = 04013FCBB36D9B59141E3423 /* Pods-TMDb-TestTests.debug.xcconfig */;
			buildSettings = {
				ALWAYS_EMBED_SWIFT_STANDARD_LIBRARIES = YES;
				BUNDLE_LOADER = "$(TEST_HOST)";
				CODE_SIGN_STYLE = Automatic;
				DEVELOPMENT_TEAM = 9N9MQ3U2TY;
				INFOPLIST_FILE = "TMDb-TestTests/Info.plist";
				LD_RUNPATH_SEARCH_PATHS = (
					"$(inherited)",
					"@executable_path/Frameworks",
					"@loader_path/Frameworks",
				);
				PRODUCT_BUNDLE_IDENTIFIER = "mycompany.TMDb-TestTests";
				PRODUCT_NAME = "$(TARGET_NAME)";
				SWIFT_VERSION = 4.2;
				TARGETED_DEVICE_FAMILY = "1,2";
				TEST_HOST = "$(BUILT_PRODUCTS_DIR)/TMDb-Test.app/TMDb-Test";
			};
			name = Debug;
		};
		1D2136E021A9DE2E006EA696 /* Release */ = {
			isa = XCBuildConfiguration;
			baseConfigurationReference = CA5CD28FC6D1F21A1EDFEE91 /* Pods-TMDb-TestTests.release.xcconfig */;
			buildSettings = {
				ALWAYS_EMBED_SWIFT_STANDARD_LIBRARIES = YES;
				BUNDLE_LOADER = "$(TEST_HOST)";
				CODE_SIGN_STYLE = Automatic;
				DEVELOPMENT_TEAM = 9N9MQ3U2TY;
				INFOPLIST_FILE = "TMDb-TestTests/Info.plist";
				LD_RUNPATH_SEARCH_PATHS = (
					"$(inherited)",
					"@executable_path/Frameworks",
					"@loader_path/Frameworks",
				);
				PRODUCT_BUNDLE_IDENTIFIER = "mycompany.TMDb-TestTests";
				PRODUCT_NAME = "$(TARGET_NAME)";
				SWIFT_VERSION = 4.2;
				TARGETED_DEVICE_FAMILY = "1,2";
				TEST_HOST = "$(BUILT_PRODUCTS_DIR)/TMDb-Test.app/TMDb-Test";
			};
			name = Release;
		};
		1D2136E221A9DE2E006EA696 /* Debug */ = {
			isa = XCBuildConfiguration;
			baseConfigurationReference = 109E1E464B25A75AE02F6748 /* Pods-TMDb-TestUITests.debug.xcconfig */;
			buildSettings = {
				ALWAYS_EMBED_SWIFT_STANDARD_LIBRARIES = YES;
				CODE_SIGN_STYLE = Automatic;
				DEVELOPMENT_TEAM = 9N9MQ3U2TY;
				INFOPLIST_FILE = "TMDb-TestUITests/Info.plist";
				LD_RUNPATH_SEARCH_PATHS = (
					"$(inherited)",
					"@executable_path/Frameworks",
					"@loader_path/Frameworks",
				);
				PRODUCT_BUNDLE_IDENTIFIER = "mycompany.TMDb-TestUITests";
				PRODUCT_NAME = "$(TARGET_NAME)";
				SWIFT_VERSION = 4.2;
				TARGETED_DEVICE_FAMILY = "1,2";
				TEST_TARGET_NAME = "TMDb-Test";
			};
			name = Debug;
		};
		1D2136E321A9DE2E006EA696 /* Release */ = {
			isa = XCBuildConfiguration;
			baseConfigurationReference = 5684B8A2C33B0BCEB4DDDCB5 /* Pods-TMDb-TestUITests.release.xcconfig */;
			buildSettings = {
				ALWAYS_EMBED_SWIFT_STANDARD_LIBRARIES = YES;
				CODE_SIGN_STYLE = Automatic;
				DEVELOPMENT_TEAM = 9N9MQ3U2TY;
				INFOPLIST_FILE = "TMDb-TestUITests/Info.plist";
				LD_RUNPATH_SEARCH_PATHS = (
					"$(inherited)",
					"@executable_path/Frameworks",
					"@loader_path/Frameworks",
				);
				PRODUCT_BUNDLE_IDENTIFIER = "mycompany.TMDb-TestUITests";
				PRODUCT_NAME = "$(TARGET_NAME)";
				SWIFT_VERSION = 4.2;
				TARGETED_DEVICE_FAMILY = "1,2";
				TEST_TARGET_NAME = "TMDb-Test";
			};
			name = Release;
		};
/* End XCBuildConfiguration section */

/* Begin XCConfigurationList section */
		1D2136AE21A9DE2C006EA696 /* Build configuration list for PBXProject "TMDb-Test" */ = {
			isa = XCConfigurationList;
			buildConfigurations = (
				1D2136D921A9DE2E006EA696 /* Debug */,
				1D2136DA21A9DE2E006EA696 /* Release */,
			);
			defaultConfigurationIsVisible = 0;
			defaultConfigurationName = Release;
		};
		1D2136DB21A9DE2E006EA696 /* Build configuration list for PBXNativeTarget "TMDb-Test" */ = {
			isa = XCConfigurationList;
			buildConfigurations = (
				1D2136DC21A9DE2E006EA696 /* Debug */,
				1D2136DD21A9DE2E006EA696 /* Release */,
			);
			defaultConfigurationIsVisible = 0;
			defaultConfigurationName = Release;
		};
		1D2136DE21A9DE2E006EA696 /* Build configuration list for PBXNativeTarget "TMDb-TestTests" */ = {
			isa = XCConfigurationList;
			buildConfigurations = (
				1D2136DF21A9DE2E006EA696 /* Debug */,
				1D2136E021A9DE2E006EA696 /* Release */,
			);
			defaultConfigurationIsVisible = 0;
			defaultConfigurationName = Release;
		};
		1D2136E121A9DE2E006EA696 /* Build configuration list for PBXNativeTarget "TMDb-TestUITests" */ = {
			isa = XCConfigurationList;
			buildConfigurations = (
				1D2136E221A9DE2E006EA696 /* Debug */,
				1D2136E321A9DE2E006EA696 /* Release */,
			);
			defaultConfigurationIsVisible = 0;
			defaultConfigurationName = Release;
		};
/* End XCConfigurationList section */
	};
	rootObject = 1D2136AB21A9DE2C006EA696 /* Project object */;
}
